{
  "requires": true,
  "lockfileVersion": 1,
  "dependencies": {
    "primer-box": {
      "version": "3.0.0",
      "resolved": "http://registry.npm.taobao.org/primer-box/download/primer-box-3.0.0.tgz",
      "integrity": "sha1-H/IRFW9rhqq0asJEXID+TKYBKDs=",
      "requires": {
        "primer-support": "5.0.0"
      }
    },
    "primer-layout": {
      "version": "2.0.0",
      "resolved": "http://registry.npm.taobao.org/primer-layout/download/primer-layout-2.0.0.tgz",
      "integrity": "sha1-31PFphSLNsTQ/sGISntKd8NYqN0=",
      "requires": {
        "primer-support": "5.0.0"
      }
    },
    "primer-markdown": {
      "version": "4.0.0",
      "resolved": "http://registry.npm.taobao.org/primer-markdown/download/primer-markdown-4.0.0.tgz",
      "integrity": "sha1-zkuQBO8OcpW7PcrLaPo2rzBKUc4=",
      "requires": {
        "primer-support": "5.0.0"
      }
    },
    "primer-support": {
      "version": "5.0.0",
      "resolved": "http://registry.npm.taobao.org/primer-support/download/primer-support-5.0.0.tgz",
      "integrity": "sha1-0Zx86lnoeDQAuTkZQ8iiuy693F4="
    },
    "primer-utilities": {
      "version": "5.0.0",
      "resolved": "http://registry.npm.taobao.org/primer-utilities/download/primer-utilities-5.0.0.tgz",
      "integrity": "sha1-IvcqX7fSQzg3G77zgIvC0ng2aBw=",
      "requires": {
        "primer-support": "5.0.0"
      }
    }
  }
}
